
Microsoft Visual Studio Solution File, Format Version 12.00
# Visual Studio Version 17
VisualStudioVersion = 17.11.35312.102
MinimumVisualStudioVersion = 10.0.40219.1
Project("{9A19103F-16F7-4668-BE54-9A1E7A4F7556}") = "QueryRulesEngine", "QueryRulesEngine.csproj", "{8A0BC05B-22F0-4543-BC23-6952C5145646}"
EndProject
Project("{FAE04EC0-301F-11D3-BF4B-00C04F79EFBC}") = "QueryRulesEngine.Tests", "..\QueryRulesEngine.Tests\QueryRulesEngine.Tests.csproj", "{BE87C840-B438-4C15-897B-A2D9AA364AAA}"
EndProject
Global
	GlobalSection(SolutionConfigurationPlatforms) = preSolution
		Debug|Any CPU = Debug|Any CPU
		Release|Any CPU = Release|Any CPU
	EndGlobalSection
	GlobalSection(ProjectConfigurationPlatforms) = postSolution
		{8A0BC05B-22F0-4543-BC23-6952C5145646}.Debug|Any CPU.ActiveCfg = Debug|Any CPU
		{8A0BC05B-22F0-4543-BC23-6952C5145646}.Debug|Any CPU.Build.0 = Debug|Any CPU
		{8A0BC05B-22F0-4543-BC23-6952C5145646}.Release|Any CPU.ActiveCfg = Release|Any CPU
		{8A0BC05B-22F0-4543-BC23-6952C5145646}.Release|Any CPU.Build.0 = Release|Any CPU
		{BE87C840-B438-4C15-897B-A2D9AA364AAA}.Debug|Any CPU.ActiveCfg = Debug|Any CPU
		{BE87C840-B438-4C15-897B-A2D9AA364AAA}.Debug|Any CPU.Build.0 = Debug|Any CPU
		{BE87C840-B438-4C15-897B-A2D9AA364AAA}.Release|Any CPU.ActiveCfg = Release|Any CPU
		{BE87C840-B438-4C15-897B-A2D9AA364AAA}.Release|Any CPU.Build.0 = Release|Any CPU
	EndGlobalSection
	GlobalSection(SolutionProperties) = preSolution
		HideSolutionNode = FALSE
	EndGlobalSection
	GlobalSection(ExtensibilityGlobals) = postSolution
		SolutionGuid = {D428E157-B367-43AB-9542-8416020BD49E}
	EndGlobalSection
EndGlobal
